
Microsoft Visual Studio Solution File, Format Version 12.00
# Visual Studio Version 17
VisualStudioVersion = 17.13.35825.156
MinimumVisualStudioVersion = 10.0.40219.1
Project("{FAE04EC0-301F-11D3-BF4B-00C04F79EFBC}") = "daily-blog-app", "daily-blog-app.csproj", "{24C38848-5B10-4F6E-92A9-BFE1DCF2E889}"
EndProject
Project("{FAE04EC0-301F-11D3-BF4B-00C04F79EFBC}") = "DailyBlogApp.Tests", "..\DailyBlogApp.Tests\DailyBlogApp.Tests.csproj", "{532F4C04-C6DB-BFFA-7E12-F07B8027EEA0}"
EndProject
Global
	GlobalSection(SolutionConfigurationPlatforms) = preSolution
		Debug|Any CPU = Debug|Any CPU
		Release|Any CPU = Release|Any CPU
	EndGlobalSection
	GlobalSection(ProjectConfigurationPlatforms) = postSolution
		{24C38848-5B10-4F6E-92A9-BFE1DCF2E889}.Debug|Any CPU.ActiveCfg = Debug|Any CPU
		{24C38848-5B10-4F6E-92A9-BFE1DCF2E889}.Debug|Any CPU.Build.0 = Debug|Any CPU
		{24C38848-5B10-4F6E-92A9-BFE1DCF2E889}.Release|Any CPU.ActiveCfg = Release|Any CPU
		{24C38848-5B10-4F6E-92A9-BFE1DCF2E889}.Release|Any CPU.Build.0 = Release|Any CPU
		{532F4C04-C6DB-BFFA-7E12-F07B8027EEA0}.Debug|Any CPU.ActiveCfg = Debug|Any CPU
		{532F4C04-C6DB-BFFA-7E12-F07B8027EEA0}.Debug|Any CPU.Build.0 = Debug|Any CPU
		{532F4C04-C6DB-BFFA-7E12-F07B8027EEA0}.Release|Any CPU.ActiveCfg = Release|Any CPU
		{532F4C04-C6DB-BFFA-7E12-F07B8027EEA0}.Release|Any CPU.Build.0 = Release|Any CPU
	EndGlobalSection
	GlobalSection(SolutionProperties) = preSolution
		HideSolutionNode = FALSE
	EndGlobalSection
	GlobalSection(ExtensibilityGlobals) = postSolution
		SolutionGuid = {DABF99C9-8A60-45BD-B3DD-F4B4754CC676}
	EndGlobalSection
EndGlobal
